
Microsoft Visual Studio Solution File, Format Version 12.00
# Visual Studio Version 17
VisualStudioVersion = 17.0.31808.319
MinimumVisualStudioVersion = 10.0.40219.1
Project("{9A19103F-16F7-4668-BE54-9A1E7A4F7556}") = "BlazorWorker.Core", "BlazorWorker\BlazorWorker.Core.csproj", "{8170248B-F92D-4DFA-8F1A-2C637A9A9188}"
EndProject
Project("{9A19103F-16F7-4668-BE54-9A1E7A4F7556}") = "BlazorWorker.WorkerCore", "BlazorWorker.WorkerCore\BlazorWorker.WorkerCore.csproj", "{8CA72346-9A79-4000-99CA-76E3363ABC9A}"
EndProject
Project("{9A19103F-16F7-4668-BE54-9A1E7A4F7556}") = "BlazorWorker.WorkerBackgroundService", "BlazorWorker.WorkerBackgroundService\BlazorWorker.WorkerBackgroundService.csproj", "{200356FF-169F-412F-9B75-14C776758576}"
EndProject
Project("{9A19103F-16F7-4668-BE54-9A1E7A4F7556}") = "BlazorWorker.BackgroundServiceFactory", "BlazorWorker.ServiceFactory\BlazorWorker.BackgroundServiceFactory.csproj", "{812BE8C1-B20F-40AC-A174-239053076CB9}"
EndProject
Project("{2150E333-8FDC-42A3-9474-1A3956D46DE8}") = "Solution Items", "Solution Items", "{E58AD245-A40B-4C78-B28C-FC972C81DFBA}"
	ProjectSection(SolutionItems) = preProject
		nuget.config = nuget.config
	EndProjectSection
EndProject
Project("{9A19103F-16F7-4668-BE54-9A1E7A4F7556}") = "BlazorWorker.Demo.Shared", "BlazorWorker.Demo\Shared\BlazorWorker.Demo.Shared.csproj", "{CE1F42FA-2CFB-428E-A178-902FD465717E}"
EndProject
Project("{2150E333-8FDC-42A3-9474-1A3956D46DE8}") = "Demo", "Demo", "{E05838C4-02F5-403B-B7E4-338924A6D5AB}"
EndProject
Project("{2150E333-8FDC-42A3-9474-1A3956D46DE8}") = "Shared", "Shared", "{93F1C962-3ECC-48DA-8C70-B99126637564}"
EndProject
Project("{2150E333-8FDC-42A3-9474-1A3956D46DE8}") = "SharedPages", "SharedPages", "{54117DA3-2459-4FB8-8EC8-7D918125A1FF}"
EndProject
Project("{9A19103F-16F7-4668-BE54-9A1E7A4F7556}") = "BlazorWorker.Demo.SharedPages", "BlazorWorker.Demo\SharedPages\BlazorWorker.Demo.SharedPages.csproj", "{6A616B87-8C2A-4922-A427-23DE3132C205}"
EndProject
Project("{9A19103F-16F7-4668-BE54-9A1E7A4F7556}") = "BlazorWorker.Demo.IoCExample", "BlazorWorker.Demo.IoCExample\BlazorWorker.Demo.IoCExample.csproj", "{C3065384-9265-419E-A011-F52237331B4C}"
EndProject
Project("{2150E333-8FDC-42A3-9474-1A3956D46DE8}") = "Core", "Core", "{DE16E88B-D523-4898-AD61-F0D981B7EA71}"
EndProject
Project("{2150E333-8FDC-42A3-9474-1A3956D46DE8}") = "BackgroundService", "BackgroundService", "{E1426FFD-B41C-4594-AEBE-0760941D61A0}"
EndProject
Project("{2150E333-8FDC-42A3-9474-1A3956D46DE8}") = "Extensions", "Extensions", "{002D69EE-3096-42E9-AFFB-E293089A106A}"
EndProject
Project("{9A19103F-16F7-4668-BE54-9A1E7A4F7556}") = "BlazorWorker.Extensions.JSRuntime", "BlazorWorker.Extensions.JSRuntime\BlazorWorker.Extensions.JSRuntime.csproj", "{6B21FE65-FC0A-40E0-87D2-6BF016C0224B}"
EndProject
Project("{2150E333-8FDC-42A3-9474-1A3956D46DE8}") = "test", "test", "{775EF4B5-04A1-40D8-8E0A-BC04EF624F98}"
EndProject
Project("{2150E333-8FDC-42A3-9474-1A3956D46DE8}") = "Net7", "Net7", "{C45CA3F7-E410-4CBB-A46A-CD91F9E2D1E8}"
EndProject
Project("{9A19103F-16F7-4668-BE54-9A1E7A4F7556}") = "BlazorWorker.Demo.Client", "BlazorWorker.Demo\Net7\Client\BlazorWorker.Demo.Client\BlazorWorker.Demo.Client.csproj", "{9AE5D6D4-A79F-49FB-B9F9-6C9672DBEEAA}"
EndProject
Project("{2150E333-8FDC-42A3-9474-1A3956D46DE8}") = "Net8", "Net8", "{4723EC79-D003-4A3E-9154-E423B52715DF}"
EndProject
Project("{9A19103F-16F7-4668-BE54-9A1E7A4F7556}") = "BlazorWorker.Demo.Client", "BlazorWorker.Demo\Net8\Client\BlazorWorker.Demo.Client\BlazorWorker.Demo.Client.csproj", "{BE1E433E-7409-4E89-8607-D67B69CFB927}"
EndProject
Project("{2150E333-8FDC-42A3-9474-1A3956D46DE8}") = "Net9", "Net9", "{5E37AB1B-1AEB-4D02-931B-5033137A8C67}"
EndProject
Project("{FAE04EC0-301F-11D3-BF4B-00C04F79EFBC}") = "BlazorWorker.Demo.Client", "BlazorWorker.Demo\Net9\BLazorWorker.Demo.Client\BlazorWorker.Demo.Client.csproj", "{572AC0E5-5889-49B0-A229-551C50BC2B5E}"
EndProject
Global
	GlobalSection(SolutionConfigurationPlatforms) = preSolution
		Debug|Any CPU = Debug|Any CPU
		Nuget|Any CPU = Nuget|Any CPU
		Release|Any CPU = Release|Any CPU
	EndGlobalSection
	GlobalSection(ProjectConfigurationPlatforms) = postSolution
		{8170248B-F92D-4DFA-8F1A-2C637A9A9188}.Debug|Any CPU.ActiveCfg = Debug|Any CPU
		{8170248B-F92D-4DFA-8F1A-2C637A9A9188}.Debug|Any CPU.Build.0 = Debug|Any CPU
		{8170248B-F92D-4DFA-8F1A-2C637A9A9188}.Nuget|Any CPU.ActiveCfg = Nuget|Any CPU
		{8170248B-F92D-4DFA-8F1A-2C637A9A9188}.Nuget|Any CPU.Build.0 = Nuget|Any CPU
		{8170248B-F92D-4DFA-8F1A-2C637A9A9188}.Release|Any CPU.ActiveCfg = Release|Any CPU
		{8170248B-F92D-4DFA-8F1A-2C637A9A9188}.Release|Any CPU.Build.0 = Release|Any CPU
		{8CA72346-9A79-4000-99CA-76E3363ABC9A}.Debug|Any CPU.ActiveCfg = Debug|Any CPU
		{8CA72346-9A79-4000-99CA-76E3363ABC9A}.Debug|Any CPU.Build.0 = Debug|Any CPU
		{8CA72346-9A79-4000-99CA-76E3363ABC9A}.Nuget|Any CPU.ActiveCfg = Nuget|Any CPU
		{8CA72346-9A79-4000-99CA-76E3363ABC9A}.Nuget|Any CPU.Build.0 = Nuget|Any CPU
		{8CA72346-9A79-4000-99CA-76E3363ABC9A}.Release|Any CPU.ActiveCfg = Release|Any CPU
		{8CA72346-9A79-4000-99CA-76E3363ABC9A}.Release|Any CPU.Build.0 = Release|Any CPU
		{200356FF-169F-412F-9B75-14C776758576}.Debug|Any CPU.ActiveCfg = Debug|Any CPU
		{200356FF-169F-412F-9B75-14C776758576}.Debug|Any CPU.Build.0 = Debug|Any CPU
		{200356FF-169F-412F-9B75-14C776758576}.Nuget|Any CPU.ActiveCfg = Nuget|Any CPU
		{200356FF-169F-412F-9B75-14C776758576}.Nuget|Any CPU.Build.0 = Nuget|Any CPU
		{200356FF-169F-412F-9B75-14C776758576}.Release|Any CPU.ActiveCfg = Release|Any CPU
		{200356FF-169F-412F-9B75-14C776758576}.Release|Any CPU.Build.0 = Release|Any CPU
		{812BE8C1-B20F-40AC-A174-239053076CB9}.Debug|Any CPU.ActiveCfg = Debug|Any CPU
		{812BE8C1-B20F-40AC-A174-239053076CB9}.Debug|Any CPU.Build.0 = Debug|Any CPU
		{812BE8C1-B20F-40AC-A174-239053076CB9}.Nuget|Any CPU.ActiveCfg = Nuget|Any CPU
		{812BE8C1-B20F-40AC-A174-239053076CB9}.Nuget|Any CPU.Build.0 = Nuget|Any CPU
		{812BE8C1-B20F-40AC-A174-239053076CB9}.Release|Any CPU.ActiveCfg = Release|Any CPU
		{812BE8C1-B20F-40AC-A174-239053076CB9}.Release|Any CPU.Build.0 = Release|Any CPU
		{CE1F42FA-2CFB-428E-A178-902FD465717E}.Debug|Any CPU.ActiveCfg = Debug|Any CPU
		{CE1F42FA-2CFB-428E-A178-902FD465717E}.Debug|Any CPU.Build.0 = Debug|Any CPU
		{CE1F42FA-2CFB-428E-A178-902FD465717E}.Nuget|Any CPU.ActiveCfg = Nuget|Any CPU
		{CE1F42FA-2CFB-428E-A178-902FD465717E}.Release|Any CPU.ActiveCfg = Release|Any CPU
		{CE1F42FA-2CFB-428E-A178-902FD465717E}.Release|Any CPU.Build.0 = Release|Any CPU
		{6A616B87-8C2A-4922-A427-23DE3132C205}.Debug|Any CPU.ActiveCfg = Debug|Any CPU
		{6A616B87-8C2A-4922-A427-23DE3132C205}.Debug|Any CPU.Build.0 = Debug|Any CPU
		{6A616B87-8C2A-4922-A427-23DE3132C205}.Nuget|Any CPU.ActiveCfg = Debug|Any CPU
		{6A616B87-8C2A-4922-A427-23DE3132C205}.Nuget|Any CPU.Build.0 = Debug|Any CPU
		{6A616B87-8C2A-4922-A427-23DE3132C205}.Release|Any CPU.ActiveCfg = Release|Any CPU
		{6A616B87-8C2A-4922-A427-23DE3132C205}.Release|Any CPU.Build.0 = Release|Any CPU
		{C3065384-9265-419E-A011-F52237331B4C}.Debug|Any CPU.ActiveCfg = Debug|Any CPU
		{C3065384-9265-419E-A011-F52237331B4C}.Debug|Any CPU.Build.0 = Debug|Any CPU
		{C3065384-9265-419E-A011-F52237331B4C}.Nuget|Any CPU.ActiveCfg = Debug|Any CPU
		{C3065384-9265-419E-A011-F52237331B4C}.Nuget|Any CPU.Build.0 = Debug|Any CPU
		{C3065384-9265-419E-A011-F52237331B4C}.Release|Any CPU.ActiveCfg = Release|Any CPU
		{C3065384-9265-419E-A011-F52237331B4C}.Release|Any CPU.Build.0 = Release|Any CPU
		{6B21FE65-FC0A-40E0-87D2-6BF016C0224B}.Debug|Any CPU.ActiveCfg = Debug|Any CPU
		{6B21FE65-FC0A-40E0-87D2-6BF016C0224B}.Debug|Any CPU.Build.0 = Debug|Any CPU
		{6B21FE65-FC0A-40E0-87D2-6BF016C0224B}.Nuget|Any CPU.ActiveCfg = Nuget|Any CPU
		{6B21FE65-FC0A-40E0-87D2-6BF016C0224B}.Nuget|Any CPU.Build.0 = Nuget|Any CPU
		{6B21FE65-FC0A-40E0-87D2-6BF016C0224B}.Release|Any CPU.ActiveCfg = Release|Any CPU
		{6B21FE65-FC0A-40E0-87D2-6BF016C0224B}.Release|Any CPU.Build.0 = Release|Any CPU
		{9AE5D6D4-A79F-49FB-B9F9-6C9672DBEEAA}.Debug|Any CPU.ActiveCfg = Debug|Any CPU
		{9AE5D6D4-A79F-49FB-B9F9-6C9672DBEEAA}.Debug|Any CPU.Build.0 = Debug|Any CPU
		{9AE5D6D4-A79F-49FB-B9F9-6C9672DBEEAA}.Nuget|Any CPU.ActiveCfg = Debug|Any CPU
		{9AE5D6D4-A79F-49FB-B9F9-6C9672DBEEAA}.Nuget|Any CPU.Build.0 = Debug|Any CPU
		{9AE5D6D4-A79F-49FB-B9F9-6C9672DBEEAA}.Release|Any CPU.ActiveCfg = Release|Any CPU
		{9AE5D6D4-A79F-49FB-B9F9-6C9672DBEEAA}.Release|Any CPU.Build.0 = Release|Any CPU
		{BE1E433E-7409-4E89-8607-D67B69CFB927}.Debug|Any CPU.ActiveCfg = Debug|Any CPU
		{BE1E433E-7409-4E89-8607-D67B69CFB927}.Debug|Any CPU.Build.0 = Debug|Any CPU
		{BE1E433E-7409-4E89-8607-D67B69CFB927}.Nuget|Any CPU.ActiveCfg = Debug|Any CPU
		{BE1E433E-7409-4E89-8607-D67B69CFB927}.Nuget|Any CPU.Build.0 = Debug|Any CPU
		{BE1E433E-7409-4E89-8607-D67B69CFB927}.Release|Any CPU.ActiveCfg = Release|Any CPU
		{BE1E433E-7409-4E89-8607-D67B69CFB927}.Release|Any CPU.Build.0 = Release|Any CPU
		{572AC0E5-5889-49B0-A229-551C50BC2B5E}.Debug|Any CPU.ActiveCfg = Debug|Any CPU
		{572AC0E5-5889-49B0-A229-551C50BC2B5E}.Debug|Any CPU.Build.0 = Debug|Any CPU
		{572AC0E5-5889-49B0-A229-551C50BC2B5E}.Nuget|Any CPU.ActiveCfg = Debug|Any CPU
		{572AC0E5-5889-49B0-A229-551C50BC2B5E}.Nuget|Any CPU.Build.0 = Debug|Any CPU
		{572AC0E5-5889-49B0-A229-551C50BC2B5E}.Release|Any CPU.ActiveCfg = Release|Any CPU
		{572AC0E5-5889-49B0-A229-551C50BC2B5E}.Release|Any CPU.Build.0 = Release|Any CPU
	EndGlobalSection
	GlobalSection(SolutionProperties) = preSolution
		HideSolutionNode = FALSE
	EndGlobalSection
	GlobalSection(NestedProjects) = preSolution
		{8170248B-F92D-4DFA-8F1A-2C637A9A9188} = {DE16E88B-D523-4898-AD61-F0D981B7EA71}
		{8CA72346-9A79-4000-99CA-76E3363ABC9A} = {DE16E88B-D523-4898-AD61-F0D981B7EA71}
		{200356FF-169F-412F-9B75-14C776758576} = {E1426FFD-B41C-4594-AEBE-0760941D61A0}
		{812BE8C1-B20F-40AC-A174-239053076CB9} = {E1426FFD-B41C-4594-AEBE-0760941D61A0}
		{CE1F42FA-2CFB-428E-A178-902FD465717E} = {93F1C962-3ECC-48DA-8C70-B99126637564}
		{93F1C962-3ECC-48DA-8C70-B99126637564} = {E05838C4-02F5-403B-B7E4-338924A6D5AB}
		{54117DA3-2459-4FB8-8EC8-7D918125A1FF} = {E05838C4-02F5-403B-B7E4-338924A6D5AB}
		{6A616B87-8C2A-4922-A427-23DE3132C205} = {54117DA3-2459-4FB8-8EC8-7D918125A1FF}
		{C3065384-9265-419E-A011-F52237331B4C} = {93F1C962-3ECC-48DA-8C70-B99126637564}
		{6B21FE65-FC0A-40E0-87D2-6BF016C0224B} = {002D69EE-3096-42E9-AFFB-E293089A106A}
		{C45CA3F7-E410-4CBB-A46A-CD91F9E2D1E8} = {E05838C4-02F5-403B-B7E4-338924A6D5AB}
		{9AE5D6D4-A79F-49FB-B9F9-6C9672DBEEAA} = {C45CA3F7-E410-4CBB-A46A-CD91F9E2D1E8}
		{4723EC79-D003-4A3E-9154-E423B52715DF} = {E05838C4-02F5-403B-B7E4-338924A6D5AB}
		{BE1E433E-7409-4E89-8607-D67B69CFB927} = {4723EC79-D003-4A3E-9154-E423B52715DF}
		{5E37AB1B-1AEB-4D02-931B-5033137A8C67} = {E05838C4-02F5-403B-B7E4-338924A6D5AB}
		{572AC0E5-5889-49B0-A229-551C50BC2B5E} = {5E37AB1B-1AEB-4D02-931B-5033137A8C67}
	EndGlobalSection
	GlobalSection(ExtensibilityGlobals) = postSolution
		SolutionGuid = {0CCA60FE-BC52-494C-B600-B35B8865535C}
	EndGlobalSection
EndGlobal
