
Microsoft Visual Studio Solution File, Format Version 12.00
# Visual Studio Version 16
VisualStudioVersion = 16.0.29319.158
MinimumVisualStudioVersion = 10.0.40219.1
Project("{9A19103F-16F7-4668-BE54-9A1E7A4F7556}") = "BlazorWorker.Core", "BlazorWorker\BlazorWorker.Core.csproj", "{8170248B-F92D-4DFA-8F1A-2C637A9A9188}"
EndProject
Project("{9A19103F-16F7-4668-BE54-9A1E7A4F7556}") = "BlazorWorker.WorkerCore", "BlazorWorker.WorkerCore\BlazorWorker.WorkerCore.csproj", "{8CA72346-9A79-4000-99CA-76E3363ABC9A}"
EndProject
Project("{9A19103F-16F7-4668-BE54-9A1E7A4F7556}") = "BlazorWorker.WorkerBackgroundService", "BlazorWorker.WorkerBackgroundService\BlazorWorker.WorkerBackgroundService.csproj", "{200356FF-169F-412F-9B75-14C776758576}"
EndProject
Project("{9A19103F-16F7-4668-BE54-9A1E7A4F7556}") = "BlazorWorker.BackgroundServiceFactory", "BlazorWorker.ServiceFactory\BlazorWorker.BackgroundServiceFactory.csproj", "{812BE8C1-B20F-40AC-A174-239053076CB9}"
EndProject
Project("{2150E333-8FDC-42A3-9474-1A3956D46DE8}") = "Solution Items", "Solution Items", "{E58AD245-A40B-4C78-B28C-FC972C81DFBA}"
	ProjectSection(SolutionItems) = preProject
		nuget.config = nuget.config
	EndProjectSection
EndProject
Project("{9A19103F-16F7-4668-BE54-9A1E7A4F7556}") = "BlazorWorker.Demo.Shared", "BlazorWorker.Demo\Shared\BlazorWorker.Demo.Shared.csproj", "{CE1F42FA-2CFB-428E-A178-902FD465717E}"
EndProject
Project("{9A19103F-16F7-4668-BE54-9A1E7A4F7556}") = "BlazorWorker.Demo.Client", "BlazorWorker.Demo\Client\BlazorWorker.Demo.Client.csproj", "{DF5F154F-2E78-42C5-8837-B1A3B44F9D47}"
EndProject
Project("{2150E333-8FDC-42A3-9474-1A3956D46DE8}") = "Demo", "Demo", "{E05838C4-02F5-403B-B7E4-338924A6D5AB}"
EndProject
Project("{9A19103F-16F7-4668-BE54-9A1E7A4F7556}") = "BlazorWorker.Demo.Server", "BlazorWorker.Demo\Server\BlazorWorker.Demo.Server.csproj", "{5EF4260D-E791-4EEB-885B-E673D0270036}"
EndProject
Project("{2150E333-8FDC-42A3-9474-1A3956D46DE8}") = "Net5", "Net5", "{C7641FB4-FD17-4AC8-A4E8-F2F2EA34536F}"
EndProject
Project("{2150E333-8FDC-42A3-9474-1A3956D46DE8}") = "Wasm32", "Wasm32", "{1B69623F-39D2-40A6-8E80-D8139B9CC434}"
EndProject
Project("{9A19103F-16F7-4668-BE54-9A1E7A4F7556}") = "BlazorWorker.Demo.Client", "BlazorWorker.Demo\ClientWasm32\BlazorWorker.Demo.Client.csproj", "{21599DEF-2B19-4FF2-8275-AAA0A6CF625C}"
EndProject
Project("{9A19103F-16F7-4668-BE54-9A1E7A4F7556}") = "BlazorWorker.Demo.Server", "BlazorWorker.Demo\ServerWasm32\BlazorWorker.Demo.Server.csproj", "{96DACFEC-537C-49E7-8C4C-32A4E73E0C47}"
EndProject
Global
	GlobalSection(SolutionConfigurationPlatforms) = preSolution
		Debug|Any CPU = Debug|Any CPU
		Nuget|Any CPU = Nuget|Any CPU
		Release|Any CPU = Release|Any CPU
	EndGlobalSection
	GlobalSection(ProjectConfigurationPlatforms) = postSolution
		{8170248B-F92D-4DFA-8F1A-2C637A9A9188}.Debug|Any CPU.ActiveCfg = Debug|Any CPU
		{8170248B-F92D-4DFA-8F1A-2C637A9A9188}.Debug|Any CPU.Build.0 = Debug|Any CPU
		{8170248B-F92D-4DFA-8F1A-2C637A9A9188}.Nuget|Any CPU.ActiveCfg = Nuget|Any CPU
		{8170248B-F92D-4DFA-8F1A-2C637A9A9188}.Nuget|Any CPU.Build.0 = Nuget|Any CPU
		{8170248B-F92D-4DFA-8F1A-2C637A9A9188}.Release|Any CPU.ActiveCfg = Release|Any CPU
		{8170248B-F92D-4DFA-8F1A-2C637A9A9188}.Release|Any CPU.Build.0 = Release|Any CPU
		{8CA72346-9A79-4000-99CA-76E3363ABC9A}.Debug|Any CPU.ActiveCfg = Debug|Any CPU
		{8CA72346-9A79-4000-99CA-76E3363ABC9A}.Debug|Any CPU.Build.0 = Debug|Any CPU
		{8CA72346-9A79-4000-99CA-76E3363ABC9A}.Nuget|Any CPU.ActiveCfg = Nuget|Any CPU
		{8CA72346-9A79-4000-99CA-76E3363ABC9A}.Nuget|Any CPU.Build.0 = Nuget|Any CPU
		{8CA72346-9A79-4000-99CA-76E3363ABC9A}.Release|Any CPU.ActiveCfg = Release|Any CPU
		{8CA72346-9A79-4000-99CA-76E3363ABC9A}.Release|Any CPU.Build.0 = Release|Any CPU
		{200356FF-169F-412F-9B75-14C776758576}.Debug|Any CPU.ActiveCfg = Debug|Any CPU
		{200356FF-169F-412F-9B75-14C776758576}.Debug|Any CPU.Build.0 = Debug|Any CPU
		{200356FF-169F-412F-9B75-14C776758576}.Nuget|Any CPU.ActiveCfg = Nuget|Any CPU
		{200356FF-169F-412F-9B75-14C776758576}.Nuget|Any CPU.Build.0 = Nuget|Any CPU
		{200356FF-169F-412F-9B75-14C776758576}.Release|Any CPU.ActiveCfg = Release|Any CPU
		{200356FF-169F-412F-9B75-14C776758576}.Release|Any CPU.Build.0 = Release|Any CPU
		{812BE8C1-B20F-40AC-A174-239053076CB9}.Debug|Any CPU.ActiveCfg = Debug|Any CPU
		{812BE8C1-B20F-40AC-A174-239053076CB9}.Debug|Any CPU.Build.0 = Debug|Any CPU
		{812BE8C1-B20F-40AC-A174-239053076CB9}.Nuget|Any CPU.ActiveCfg = Nuget|Any CPU
		{812BE8C1-B20F-40AC-A174-239053076CB9}.Nuget|Any CPU.Build.0 = Nuget|Any CPU
		{812BE8C1-B20F-40AC-A174-239053076CB9}.Release|Any CPU.ActiveCfg = Release|Any CPU
		{812BE8C1-B20F-40AC-A174-239053076CB9}.Release|Any CPU.Build.0 = Release|Any CPU
		{CE1F42FA-2CFB-428E-A178-902FD465717E}.Debug|Any CPU.ActiveCfg = Debug|Any CPU
		{CE1F42FA-2CFB-428E-A178-902FD465717E}.Debug|Any CPU.Build.0 = Debug|Any CPU
		{CE1F42FA-2CFB-428E-A178-902FD465717E}.Nuget|Any CPU.ActiveCfg = Nuget|Any CPU
		{CE1F42FA-2CFB-428E-A178-902FD465717E}.Release|Any CPU.ActiveCfg = Release|Any CPU
		{CE1F42FA-2CFB-428E-A178-902FD465717E}.Release|Any CPU.Build.0 = Release|Any CPU
		{DF5F154F-2E78-42C5-8837-B1A3B44F9D47}.Debug|Any CPU.ActiveCfg = Debug|Any CPU
		{DF5F154F-2E78-42C5-8837-B1A3B44F9D47}.Debug|Any CPU.Build.0 = Debug|Any CPU
		{DF5F154F-2E78-42C5-8837-B1A3B44F9D47}.Nuget|Any CPU.ActiveCfg = Nuget|Any CPU
		{DF5F154F-2E78-42C5-8837-B1A3B44F9D47}.Release|Any CPU.ActiveCfg = Release|Any CPU
		{DF5F154F-2E78-42C5-8837-B1A3B44F9D47}.Release|Any CPU.Build.0 = Release|Any CPU
		{5EF4260D-E791-4EEB-885B-E673D0270036}.Debug|Any CPU.ActiveCfg = Debug|Any CPU
		{5EF4260D-E791-4EEB-885B-E673D0270036}.Debug|Any CPU.Build.0 = Debug|Any CPU
		{5EF4260D-E791-4EEB-885B-E673D0270036}.Nuget|Any CPU.ActiveCfg = Debug|Any CPU
		{5EF4260D-E791-4EEB-885B-E673D0270036}.Release|Any CPU.ActiveCfg = Release|Any CPU
		{5EF4260D-E791-4EEB-885B-E673D0270036}.Release|Any CPU.Build.0 = Release|Any CPU
		{21599DEF-2B19-4FF2-8275-AAA0A6CF625C}.Debug|Any CPU.ActiveCfg = Debug|Any CPU
		{21599DEF-2B19-4FF2-8275-AAA0A6CF625C}.Debug|Any CPU.Build.0 = Debug|Any CPU
		{21599DEF-2B19-4FF2-8275-AAA0A6CF625C}.Nuget|Any CPU.ActiveCfg = Nuget|Any CPU
		{21599DEF-2B19-4FF2-8275-AAA0A6CF625C}.Release|Any CPU.ActiveCfg = Release|Any CPU
		{21599DEF-2B19-4FF2-8275-AAA0A6CF625C}.Release|Any CPU.Build.0 = Release|Any CPU
		{96DACFEC-537C-49E7-8C4C-32A4E73E0C47}.Debug|Any CPU.ActiveCfg = Debug|Any CPU
		{96DACFEC-537C-49E7-8C4C-32A4E73E0C47}.Debug|Any CPU.Build.0 = Debug|Any CPU
		{96DACFEC-537C-49E7-8C4C-32A4E73E0C47}.Nuget|Any CPU.ActiveCfg = Debug|Any CPU
		{96DACFEC-537C-49E7-8C4C-32A4E73E0C47}.Release|Any CPU.ActiveCfg = Release|Any CPU
		{96DACFEC-537C-49E7-8C4C-32A4E73E0C47}.Release|Any CPU.Build.0 = Release|Any CPU
	EndGlobalSection
	GlobalSection(SolutionProperties) = preSolution
		HideSolutionNode = FALSE
	EndGlobalSection
	GlobalSection(NestedProjects) = preSolution
		{CE1F42FA-2CFB-428E-A178-902FD465717E} = {E05838C4-02F5-403B-B7E4-338924A6D5AB}
		{DF5F154F-2E78-42C5-8837-B1A3B44F9D47} = {C7641FB4-FD17-4AC8-A4E8-F2F2EA34536F}
		{5EF4260D-E791-4EEB-885B-E673D0270036} = {C7641FB4-FD17-4AC8-A4E8-F2F2EA34536F}
		{C7641FB4-FD17-4AC8-A4E8-F2F2EA34536F} = {E05838C4-02F5-403B-B7E4-338924A6D5AB}
		{1B69623F-39D2-40A6-8E80-D8139B9CC434} = {E05838C4-02F5-403B-B7E4-338924A6D5AB}
		{21599DEF-2B19-4FF2-8275-AAA0A6CF625C} = {1B69623F-39D2-40A6-8E80-D8139B9CC434}
		{96DACFEC-537C-49E7-8C4C-32A4E73E0C47} = {1B69623F-39D2-40A6-8E80-D8139B9CC434}
	EndGlobalSection
	GlobalSection(ExtensibilityGlobals) = postSolution
		SolutionGuid = {0CCA60FE-BC52-494C-B600-B35B8865535C}
	EndGlobalSection
EndGlobal
